
Microsoft Visual Studio Solution File, Format Version 12.00
# Visual Studio 15
VisualStudioVersion = 15.0.27703.2000
MinimumVisualStudioVersion = 10.0.40219.1
Project("{FAE04EC0-301F-11D3-BF4B-00C04F79EFBC}") = "IntegratorProjQR.Android", "IntegratorProjQR\IntegratorProjQR.Android\IntegratorProjQR.Android.csproj", "{2F96289E-F2F4-45E9-8227-CD835CEBD6C5}"
EndProject
Project("{FAE04EC0-301F-11D3-BF4B-00C04F79EFBC}") = "IntegratorProjQR.iOS", "IntegratorProjQR\IntegratorProjQR.iOS\IntegratorProjQR.iOS.csproj", "{A4D883C1-4B64-4CAA-A20B-DCD7786F3797}"
EndProject
Project("{FAE04EC0-301F-11D3-BF4B-00C04F79EFBC}") = "IntegratorQRPortable", "IntegratorQRPortable\IntegratorQRPortable.csproj", "{B2A7AB72-497D-4AE4-9026-B2788E65A92F}"
EndProject
Project("{FAE04EC0-301F-11D3-BF4B-00C04F79EFBC}") = "IntegratorWeb", "IntegratorWeb\IntegratorWeb.csproj", "{A36A6DB1-FBB1-4D0E-80B1-AF3C2C11679F}"
EndProject
Global
	GlobalSection(SolutionConfigurationPlatforms) = preSolution
		Ad-Hoc|Any CPU = Ad-Hoc|Any CPU
		Ad-Hoc|iPhone = Ad-Hoc|iPhone
		Ad-Hoc|iPhoneSimulator = Ad-Hoc|iPhoneSimulator
		AppStore|Any CPU = AppStore|Any CPU
		AppStore|iPhone = AppStore|iPhone
		AppStore|iPhoneSimulator = AppStore|iPhoneSimulator
		Debug|Any CPU = Debug|Any CPU
		Debug|iPhone = Debug|iPhone
		Debug|iPhoneSimulator = Debug|iPhoneSimulator
		Release|Any CPU = Release|Any CPU
		Release|iPhone = Release|iPhone
		Release|iPhoneSimulator = Release|iPhoneSimulator
	EndGlobalSection
	GlobalSection(ProjectConfigurationPlatforms) = postSolution
		{2F96289E-F2F4-45E9-8227-CD835CEBD6C5}.Ad-Hoc|Any CPU.ActiveCfg = Release|Any CPU
		{2F96289E-F2F4-45E9-8227-CD835CEBD6C5}.Ad-Hoc|Any CPU.Build.0 = Release|Any CPU
		{2F96289E-F2F4-45E9-8227-CD835CEBD6C5}.Ad-Hoc|Any CPU.Deploy.0 = Release|Any CPU
		{2F96289E-F2F4-45E9-8227-CD835CEBD6C5}.Ad-Hoc|iPhone.ActiveCfg = Release|Any CPU
		{2F96289E-F2F4-45E9-8227-CD835CEBD6C5}.Ad-Hoc|iPhone.Build.0 = Release|Any CPU
		{2F96289E-F2F4-45E9-8227-CD835CEBD6C5}.Ad-Hoc|iPhone.Deploy.0 = Release|Any CPU
		{2F96289E-F2F4-45E9-8227-CD835CEBD6C5}.Ad-Hoc|iPhoneSimulator.ActiveCfg = Release|Any CPU
		{2F96289E-F2F4-45E9-8227-CD835CEBD6C5}.Ad-Hoc|iPhoneSimulator.Build.0 = Release|Any CPU
		{2F96289E-F2F4-45E9-8227-CD835CEBD6C5}.Ad-Hoc|iPhoneSimulator.Deploy.0 = Release|Any CPU
		{2F96289E-F2F4-45E9-8227-CD835CEBD6C5}.AppStore|Any CPU.ActiveCfg = Release|Any CPU
		{2F96289E-F2F4-45E9-8227-CD835CEBD6C5}.AppStore|Any CPU.Build.0 = Release|Any CPU
		{2F96289E-F2F4-45E9-8227-CD835CEBD6C5}.AppStore|Any CPU.Deploy.0 = Release|Any CPU
		{2F96289E-F2F4-45E9-8227-CD835CEBD6C5}.AppStore|iPhone.ActiveCfg = Release|Any CPU
		{2F96289E-F2F4-45E9-8227-CD835CEBD6C5}.AppStore|iPhone.Build.0 = Release|Any CPU
		{2F96289E-F2F4-45E9-8227-CD835CEBD6C5}.AppStore|iPhone.Deploy.0 = Release|Any CPU
		{2F96289E-F2F4-45E9-8227-CD835CEBD6C5}.AppStore|iPhoneSimulator.ActiveCfg = Release|Any CPU
		{2F96289E-F2F4-45E9-8227-CD835CEBD6C5}.AppStore|iPhoneSimulator.Build.0 = Release|Any CPU
		{2F96289E-F2F4-45E9-8227-CD835CEBD6C5}.AppStore|iPhoneSimulator.Deploy.0 = Release|Any CPU
		{2F96289E-F2F4-45E9-8227-CD835CEBD6C5}.Debug|Any CPU.ActiveCfg = Debug|Any CPU
		{2F96289E-F2F4-45E9-8227-CD835CEBD6C5}.Debug|Any CPU.Build.0 = Debug|Any CPU
		{2F96289E-F2F4-45E9-8227-CD835CEBD6C5}.Debug|Any CPU.Deploy.0 = Debug|Any CPU
		{2F96289E-F2F4-45E9-8227-CD835CEBD6C5}.Debug|iPhone.ActiveCfg = Debug|Any CPU
		{2F96289E-F2F4-45E9-8227-CD835CEBD6C5}.Debug|iPhone.Build.0 = Debug|Any CPU
		{2F96289E-F2F4-45E9-8227-CD835CEBD6C5}.Debug|iPhone.Deploy.0 = Debug|Any CPU
		{2F96289E-F2F4-45E9-8227-CD835CEBD6C5}.Debug|iPhoneSimulator.ActiveCfg = Debug|Any CPU
		{2F96289E-F2F4-45E9-8227-CD835CEBD6C5}.Debug|iPhoneSimulator.Build.0 = Debug|Any CPU
		{2F96289E-F2F4-45E9-8227-CD835CEBD6C5}.Debug|iPhoneSimulator.Deploy.0 = Debug|Any CPU
		{2F96289E-F2F4-45E9-8227-CD835CEBD6C5}.Release|Any CPU.ActiveCfg = Release|Any CPU
		{2F96289E-F2F4-45E9-8227-CD835CEBD6C5}.Release|Any CPU.Build.0 = Release|Any CPU
		{2F96289E-F2F4-45E9-8227-CD835CEBD6C5}.Release|Any CPU.Deploy.0 = Release|Any CPU
		{2F96289E-F2F4-45E9-8227-CD835CEBD6C5}.Release|iPhone.ActiveCfg = Release|Any CPU
		{2F96289E-F2F4-45E9-8227-CD835CEBD6C5}.Release|iPhone.Build.0 = Release|Any CPU
		{2F96289E-F2F4-45E9-8227-CD835CEBD6C5}.Release|iPhone.Deploy.0 = Release|Any CPU
		{2F96289E-F2F4-45E9-8227-CD835CEBD6C5}.Release|iPhoneSimulator.ActiveCfg = Release|Any CPU
		{2F96289E-F2F4-45E9-8227-CD835CEBD6C5}.Release|iPhoneSimulator.Build.0 = Release|Any CPU
		{2F96289E-F2F4-45E9-8227-CD835CEBD6C5}.Release|iPhoneSimulator.Deploy.0 = Release|Any CPU
		{A4D883C1-4B64-4CAA-A20B-DCD7786F3797}.Ad-Hoc|Any CPU.ActiveCfg = Ad-Hoc|iPhone
		{A4D883C1-4B64-4CAA-A20B-DCD7786F3797}.Ad-Hoc|Any CPU.Build.0 = Ad-Hoc|iPhone
		{A4D883C1-4B64-4CAA-A20B-DCD7786F3797}.Ad-Hoc|Any CPU.Deploy.0 = Ad-Hoc|iPhone
		{A4D883C1-4B64-4CAA-A20B-DCD7786F3797}.Ad-Hoc|iPhone.ActiveCfg = Ad-Hoc|iPhone
		{A4D883C1-4B64-4CAA-A20B-DCD7786F3797}.Ad-Hoc|iPhone.Build.0 = Ad-Hoc|iPhone
		{A4D883C1-4B64-4CAA-A20B-DCD7786F3797}.Ad-Hoc|iPhone.Deploy.0 = Ad-Hoc|iPhone
		{A4D883C1-4B64-4CAA-A20B-DCD7786F3797}.Ad-Hoc|iPhoneSimulator.ActiveCfg = Ad-Hoc|iPhoneSimulator
		{A4D883C1-4B64-4CAA-A20B-DCD7786F3797}.Ad-Hoc|iPhoneSimulator.Build.0 = Ad-Hoc|iPhoneSimulator
		{A4D883C1-4B64-4CAA-A20B-DCD7786F3797}.Ad-Hoc|iPhoneSimulator.Deploy.0 = Ad-Hoc|iPhoneSimulator
		{A4D883C1-4B64-4CAA-A20B-DCD7786F3797}.AppStore|Any CPU.ActiveCfg = AppStore|iPhone
		{A4D883C1-4B64-4CAA-A20B-DCD7786F3797}.AppStore|Any CPU.Build.0 = AppStore|iPhone
		{A4D883C1-4B64-4CAA-A20B-DCD7786F3797}.AppStore|Any CPU.Deploy.0 = AppStore|iPhone
		{A4D883C1-4B64-4CAA-A20B-DCD7786F3797}.AppStore|iPhone.ActiveCfg = AppStore|iPhone
		{A4D883C1-4B64-4CAA-A20B-DCD7786F3797}.AppStore|iPhone.Build.0 = AppStore|iPhone
		{A4D883C1-4B64-4CAA-A20B-DCD7786F3797}.AppStore|iPhone.Deploy.0 = AppStore|iPhone
		{A4D883C1-4B64-4CAA-A20B-DCD7786F3797}.AppStore|iPhoneSimulator.ActiveCfg = AppStore|iPhoneSimulator
		{A4D883C1-4B64-4CAA-A20B-DCD7786F3797}.AppStore|iPhoneSimulator.Build.0 = AppStore|iPhoneSimulator
		{A4D883C1-4B64-4CAA-A20B-DCD7786F3797}.AppStore|iPhoneSimulator.Deploy.0 = AppStore|iPhoneSimulator
		{A4D883C1-4B64-4CAA-A20B-DCD7786F3797}.Debug|Any CPU.ActiveCfg = Debug|iPhoneSimulator
		{A4D883C1-4B64-4CAA-A20B-DCD7786F3797}.Debug|Any CPU.Build.0 = Debug|iPhoneSimulator
		{A4D883C1-4B64-4CAA-A20B-DCD7786F3797}.Debug|Any CPU.Deploy.0 = Debug|iPhoneSimulator
		{A4D883C1-4B64-4CAA-A20B-DCD7786F3797}.Debug|iPhone.ActiveCfg = Debug|iPhone
		{A4D883C1-4B64-4CAA-A20B-DCD7786F3797}.Debug|iPhone.Build.0 = Debug|iPhone
		{A4D883C1-4B64-4CAA-A20B-DCD7786F3797}.Debug|iPhone.Deploy.0 = Debug|iPhone
		{A4D883C1-4B64-4CAA-A20B-DCD7786F3797}.Debug|iPhoneSimulator.ActiveCfg = Debug|iPhoneSimulator
		{A4D883C1-4B64-4CAA-A20B-DCD7786F3797}.Debug|iPhoneSimulator.Build.0 = Debug|iPhoneSimulator
		{A4D883C1-4B64-4CAA-A20B-DCD7786F3797}.Debug|iPhoneSimulator.Deploy.0 = Debug|iPhoneSimulator
		{A4D883C1-4B64-4CAA-A20B-DCD7786F3797}.Release|Any CPU.ActiveCfg = Release|iPhone
		{A4D883C1-4B64-4CAA-A20B-DCD7786F3797}.Release|Any CPU.Build.0 = Release|iPhone
		{A4D883C1-4B64-4CAA-A20B-DCD7786F3797}.Release|Any CPU.Deploy.0 = Release|iPhone
		{A4D883C1-4B64-4CAA-A20B-DCD7786F3797}.Release|iPhone.ActiveCfg = Release|iPhone
		{A4D883C1-4B64-4CAA-A20B-DCD7786F3797}.Release|iPhone.Build.0 = Release|iPhone
		{A4D883C1-4B64-4CAA-A20B-DCD7786F3797}.Release|iPhone.Deploy.0 = Release|iPhone
		{A4D883C1-4B64-4CAA-A20B-DCD7786F3797}.Release|iPhoneSimulator.ActiveCfg = Release|iPhoneSimulator
		{A4D883C1-4B64-4CAA-A20B-DCD7786F3797}.Release|iPhoneSimulator.Build.0 = Release|iPhoneSimulator
		{A4D883C1-4B64-4CAA-A20B-DCD7786F3797}.Release|iPhoneSimulator.Deploy.0 = Release|iPhoneSimulator
		{B2A7AB72-497D-4AE4-9026-B2788E65A92F}.Ad-Hoc|Any CPU.ActiveCfg = Release|Any CPU
		{B2A7AB72-497D-4AE4-9026-B2788E65A92F}.Ad-Hoc|Any CPU.Build.0 = Release|Any CPU
		{B2A7AB72-497D-4AE4-9026-B2788E65A92F}.Ad-Hoc|iPhone.ActiveCfg = Release|Any CPU
		{B2A7AB72-497D-4AE4-9026-B2788E65A92F}.Ad-Hoc|iPhone.Build.0 = Release|Any CPU
		{B2A7AB72-497D-4AE4-9026-B2788E65A92F}.Ad-Hoc|iPhoneSimulator.ActiveCfg = Release|Any CPU
		{B2A7AB72-497D-4AE4-9026-B2788E65A92F}.Ad-Hoc|iPhoneSimulator.Build.0 = Release|Any CPU
		{B2A7AB72-497D-4AE4-9026-B2788E65A92F}.AppStore|Any CPU.ActiveCfg = Release|Any CPU
		{B2A7AB72-497D-4AE4-9026-B2788E65A92F}.AppStore|Any CPU.Build.0 = Release|Any CPU
		{B2A7AB72-497D-4AE4-9026-B2788E65A92F}.AppStore|iPhone.ActiveCfg = Release|Any CPU
		{B2A7AB72-497D-4AE4-9026-B2788E65A92F}.AppStore|iPhone.Build.0 = Release|Any CPU
		{B2A7AB72-497D-4AE4-9026-B2788E65A92F}.AppStore|iPhoneSimulator.ActiveCfg = Release|Any CPU
		{B2A7AB72-497D-4AE4-9026-B2788E65A92F}.AppStore|iPhoneSimulator.Build.0 = Release|Any CPU
		{B2A7AB72-497D-4AE4-9026-B2788E65A92F}.Debug|Any CPU.ActiveCfg = Debug|Any CPU
		{B2A7AB72-497D-4AE4-9026-B2788E65A92F}.Debug|Any CPU.Build.0 = Debug|Any CPU
		{B2A7AB72-497D-4AE4-9026-B2788E65A92F}.Debug|iPhone.ActiveCfg = Debug|Any CPU
		{B2A7AB72-497D-4AE4-9026-B2788E65A92F}.Debug|iPhone.Build.0 = Debug|Any CPU
		{B2A7AB72-497D-4AE4-9026-B2788E65A92F}.Debug|iPhoneSimulator.ActiveCfg = Debug|Any CPU
		{B2A7AB72-497D-4AE4-9026-B2788E65A92F}.Debug|iPhoneSimulator.Build.0 = Debug|Any CPU
		{B2A7AB72-497D-4AE4-9026-B2788E65A92F}.Release|Any CPU.ActiveCfg = Release|Any CPU
		{B2A7AB72-497D-4AE4-9026-B2788E65A92F}.Release|Any CPU.Build.0 = Release|Any CPU
		{B2A7AB72-497D-4AE4-9026-B2788E65A92F}.Release|iPhone.ActiveCfg = Release|Any CPU
		{B2A7AB72-497D-4AE4-9026-B2788E65A92F}.Release|iPhone.Build.0 = Release|Any CPU
		{B2A7AB72-497D-4AE4-9026-B2788E65A92F}.Release|iPhoneSimulator.ActiveCfg = Release|Any CPU
		{B2A7AB72-497D-4AE4-9026-B2788E65A92F}.Release|iPhoneSimulator.Build.0 = Release|Any CPU
		{A36A6DB1-FBB1-4D0E-80B1-AF3C2C11679F}.Ad-Hoc|Any CPU.ActiveCfg = Release|Any CPU
		{A36A6DB1-FBB1-4D0E-80B1-AF3C2C11679F}.Ad-Hoc|Any CPU.Build.0 = Release|Any CPU
		{A36A6DB1-FBB1-4D0E-80B1-AF3C2C11679F}.Ad-Hoc|iPhone.ActiveCfg = Release|Any CPU
		{A36A6DB1-FBB1-4D0E-80B1-AF3C2C11679F}.Ad-Hoc|iPhone.Build.0 = Release|Any CPU
		{A36A6DB1-FBB1-4D0E-80B1-AF3C2C11679F}.Ad-Hoc|iPhoneSimulator.ActiveCfg = Release|Any CPU
		{A36A6DB1-FBB1-4D0E-80B1-AF3C2C11679F}.Ad-Hoc|iPhoneSimulator.Build.0 = Release|Any CPU
		{A36A6DB1-FBB1-4D0E-80B1-AF3C2C11679F}.AppStore|Any CPU.ActiveCfg = Release|Any CPU
		{A36A6DB1-FBB1-4D0E-80B1-AF3C2C11679F}.AppStore|Any CPU.Build.0 = Release|Any CPU
		{A36A6DB1-FBB1-4D0E-80B1-AF3C2C11679F}.AppStore|iPhone.ActiveCfg = Release|Any CPU
		{A36A6DB1-FBB1-4D0E-80B1-AF3C2C11679F}.AppStore|iPhone.Build.0 = Release|Any CPU
		{A36A6DB1-FBB1-4D0E-80B1-AF3C2C11679F}.AppStore|iPhoneSimulator.ActiveCfg = Release|Any CPU
		{A36A6DB1-FBB1-4D0E-80B1-AF3C2C11679F}.AppStore|iPhoneSimulator.Build.0 = Release|Any CPU
		{A36A6DB1-FBB1-4D0E-80B1-AF3C2C11679F}.Debug|Any CPU.ActiveCfg = Debug|Any CPU
		{A36A6DB1-FBB1-4D0E-80B1-AF3C2C11679F}.Debug|Any CPU.Build.0 = Debug|Any CPU
		{A36A6DB1-FBB1-4D0E-80B1-AF3C2C11679F}.Debug|iPhone.ActiveCfg = Debug|Any CPU
		{A36A6DB1-FBB1-4D0E-80B1-AF3C2C11679F}.Debug|iPhone.Build.0 = Debug|Any CPU
		{A36A6DB1-FBB1-4D0E-80B1-AF3C2C11679F}.Debug|iPhoneSimulator.ActiveCfg = Debug|Any CPU
		{A36A6DB1-FBB1-4D0E-80B1-AF3C2C11679F}.Debug|iPhoneSimulator.Build.0 = Debug|Any CPU
		{A36A6DB1-FBB1-4D0E-80B1-AF3C2C11679F}.Release|Any CPU.ActiveCfg = Release|Any CPU
		{A36A6DB1-FBB1-4D0E-80B1-AF3C2C11679F}.Release|Any CPU.Build.0 = Release|Any CPU
		{A36A6DB1-FBB1-4D0E-80B1-AF3C2C11679F}.Release|iPhone.ActiveCfg = Release|Any CPU
		{A36A6DB1-FBB1-4D0E-80B1-AF3C2C11679F}.Release|iPhone.Build.0 = Release|Any CPU
		{A36A6DB1-FBB1-4D0E-80B1-AF3C2C11679F}.Release|iPhoneSimulator.ActiveCfg = Release|Any CPU
		{A36A6DB1-FBB1-4D0E-80B1-AF3C2C11679F}.Release|iPhoneSimulator.Build.0 = Release|Any CPU
	EndGlobalSection
	GlobalSection(SolutionProperties) = preSolution
		HideSolutionNode = FALSE
	EndGlobalSection
	GlobalSection(ExtensibilityGlobals) = postSolution
		SolutionGuid = {FCE7A4C5-59ED-4CA2-A2CE-2039E0AF8DAD}
	EndGlobalSection
EndGlobal
